
Microsoft Visual Studio Solution File, Format Version 12.00
# Visual Studio Version 16
VisualStudioVersion = 16.0.34114.132
MinimumVisualStudioVersion = 10.0.40219.1
Project("{FAE04EC0-301F-11D3-BF4B-00C04F79EFBC}") = "Домашнее задание (20-1-)", "Домашнее задание (20-1-).csproj", "{FD5625E7-B178-40DF-92B3-14CEA0CD8665}"
EndProject
Global
	GlobalSection(SolutionConfigurationPlatforms) = preSolution
		Debug|Any CPU = Debug|Any CPU
		Release|Any CPU = Release|Any CPU
	EndGlobalSection
	GlobalSection(ProjectConfigurationPlatforms) = postSolution
		{FD5625E7-B178-40DF-92B3-14CEA0CD8665}.Debug|Any CPU.ActiveCfg = Debug|Any CPU
		{FD5625E7-B178-40DF-92B3-14CEA0CD8665}.Debug|Any CPU.Build.0 = Debug|Any CPU
		{FD5625E7-B178-40DF-92B3-14CEA0CD8665}.Release|Any CPU.ActiveCfg = Release|Any CPU
		{FD5625E7-B178-40DF-92B3-14CEA0CD8665}.Release|Any CPU.Build.0 = Release|Any CPU
	EndGlobalSection
	GlobalSection(SolutionProperties) = preSolution
		HideSolutionNode = FALSE
	EndGlobalSection
	GlobalSection(ExtensibilityGlobals) = postSolution
		SolutionGuid = {FD74159D-AFBF-442F-B295-F1FC363482FC}
	EndGlobalSection
EndGlobal
